
Microsoft Visual Studio Solution File, Format Version 12.00
# Visual Studio Version 16
VisualStudioVersion = 16.0.32407.337
MinimumVisualStudioVersion = 10.0.40219.1
Project("{FAE04EC0-301F-11D3-BF4B-00C04F79EFBC}") = "Basit Hesap Makinesi", "Basit Hesap Makinesi\Basit Hesap Makinesi.csproj", "{98F56963-24C1-482E-B916-7441AD1F1211}"
EndProject
Global
	GlobalSection(SolutionConfigurationPlatforms) = preSolution
		Debug|Any CPU = Debug|Any CPU
		Release|Any CPU = Release|Any CPU
	EndGlobalSection
	GlobalSection(ProjectConfigurationPlatforms) = postSolution
		{98F56963-24C1-482E-B916-7441AD1F1211}.Debug|Any CPU.ActiveCfg = Debug|Any CPU
		{98F56963-24C1-482E-B916-7441AD1F1211}.Debug|Any CPU.Build.0 = Debug|Any CPU
		{98F56963-24C1-482E-B916-7441AD1F1211}.Release|Any CPU.ActiveCfg = Release|Any CPU
		{98F56963-24C1-482E-B916-7441AD1F1211}.Release|Any CPU.Build.0 = Release|Any CPU
	EndGlobalSection
	GlobalSection(SolutionProperties) = preSolution
		HideSolutionNode = FALSE
	EndGlobalSection
	GlobalSection(ExtensibilityGlobals) = postSolution
		SolutionGuid = {17EFA862-B3B6-4899-AC1B-639828856900}
	EndGlobalSection
EndGlobal
